
Microsoft Visual Studio Solution File, Format Version 12.00
# Visual Studio Version 16
VisualStudioVersion = 16.0.30204.135
MinimumVisualStudioVersion = 10.0.40219.1
Project("{FAE04EC0-301F-11D3-BF4B-00C04F79EFBC}") = "JiraTimeLogger", "JiraTimeLogger\JiraTimeLogger.csproj", "{F3216AF5-22CB-4877-AD58-06723F728EDF}"
EndProject
Global
	GlobalSection(SolutionConfigurationPlatforms) = preSolution
		Debug|Any CPU = Debug|Any CPU
		Release|Any CPU = Release|Any CPU
	EndGlobalSection
	GlobalSection(ProjectConfigurationPlatforms) = postSolution
		{F3216AF5-22CB-4877-AD58-06723F728EDF}.Debug|Any CPU.ActiveCfg = Debug|Any CPU
		{F3216AF5-22CB-4877-AD58-06723F728EDF}.Debug|Any CPU.Build.0 = Debug|Any CPU
		{F3216AF5-22CB-4877-AD58-06723F728EDF}.Release|Any CPU.ActiveCfg = Release|Any CPU
		{F3216AF5-22CB-4877-AD58-06723F728EDF}.Release|Any CPU.Build.0 = Release|Any CPU
	EndGlobalSection
	GlobalSection(SolutionProperties) = preSolution
		HideSolutionNode = FALSE
	EndGlobalSection
	GlobalSection(ExtensibilityGlobals) = postSolution
		SolutionGuid = {205AE733-17A8-4B41-8819-106815256D16}
	EndGlobalSection
EndGlobal
